
Microsoft Visual Studio Solution File, Format Version 12.00
# Visual Studio Version 17
VisualStudioVersion = 17.7.34031.279
MinimumVisualStudioVersion = 10.0.40219.1
Project("{FAE04EC0-301F-11D3-BF4B-00C04F79EFBC}") = "Gazi.BurakParlakOdev2", "Gazi.BurakParlakOdev2\Gazi.BurakParlakOdev2.csproj", "{07B43344-D0EF-4D2C-B536-73E31369716A}"
EndProject
Global
	GlobalSection(SolutionConfigurationPlatforms) = preSolution
		Debug|Any CPU = Debug|Any CPU
		Release|Any CPU = Release|Any CPU
	EndGlobalSection
	GlobalSection(ProjectConfigurationPlatforms) = postSolution
		{07B43344-D0EF-4D2C-B536-73E31369716A}.Debug|Any CPU.ActiveCfg = Debug|Any CPU
		{07B43344-D0EF-4D2C-B536-73E31369716A}.Debug|Any CPU.Build.0 = Debug|Any CPU
		{07B43344-D0EF-4D2C-B536-73E31369716A}.Release|Any CPU.ActiveCfg = Release|Any CPU
		{07B43344-D0EF-4D2C-B536-73E31369716A}.Release|Any CPU.Build.0 = Release|Any CPU
	EndGlobalSection
	GlobalSection(SolutionProperties) = preSolution
		HideSolutionNode = FALSE
	EndGlobalSection
	GlobalSection(ExtensibilityGlobals) = postSolution
		SolutionGuid = {861EBC8B-B733-444D-89FD-44F4613F464C}
	EndGlobalSection
EndGlobal
